# generated by rye
# use `rye lock` or `rye sync` to update this lockfile
#
# last locked with the following flags:
#   pre: true
#   features: ["docs"]
#   all-features: false
#   with-sources: false
#   generate-hashes: false
#   universal: true

adbutils==2.8.0
aiohappyeyeballs==2.4.4
    # via aiohttp
aiohttp==3.11.10
    # via discord-py
    # via langchain
    # via langchain-community
aiosignal==1.3.1
    # via aiohttp
albucore==0.0.13
    # via albumentations
    # via paddleocr
albumentations==1.4.10
    # via paddleocr
altgraph==0.17.4
    # via macholib
    # via pyinstaller
annotated-types==0.7.0
    # via pydantic
anyio==4.6.2.post1
    # via httpx
    # via openai
apkutils2==1.0.0
    # via adbutils
appnope==0.1.4 ; platform_system == 'Darwin'
    # via ipykernel
astor==0.8.1
    # via paddlepaddle
asttokens==2.4.1
    # via stack-data
async-timeout==4.0.3 ; python_full_version < '3.11'
    # via aiohttp
    # via langchain
attrs==24.2.0
    # via aiohttp
babel==2.16.0
    # via mkdocs-material
beautifulsoup4==4.12.3
    # via google
    # via paddleocr
    # via scrapegraphai
boto3==1.35.91
    # via langchain-aws
botocore==1.35.91
    # via boto3
    # via s3transfer
cachetools==5.5.0
    # via google-auth
certifi==2022.12.7
    # via httpcore
    # via httpx
    # via requests
cffi==1.17.1 ; implementation_name == 'pypy'
    # via pyzmq
cfgv==3.4.0
    # via pre-commit
charset-normalizer==2.1.1
    # via requests
cigam==0.0.3
    # via apkutils2
click==8.1.7
    # via genbadge
    # via mkdocs
    # via mkdocstrings
colorama==0.4.6
    # via click
    # via griffe
    # via ipython
    # via mkdocs
    # via mkdocs-material
    # via pytest
    # via tqdm
comm==0.2.2
    # via ipykernel
    # via ipywidgets
contourpy==1.3.0
    # via matplotlib
coverage==7.6.4
    # via pytest-cov
cycler==0.12.1
    # via matplotlib
cython==3.0.11
    # via paddleocr
dataclasses-json==0.6.7
    # via langchain-community
debugpy==1.8.7
    # via ipykernel
decorator==5.1.1
    # via ipython
    # via paddlepaddle
    # via retry
defusedxml==0.7.1
    # via genbadge
deprecation==2.1.0
    # via adbutils
dill==0.3.9
    # via multiprocess
discord-py==2.4.0
distlib==0.3.9
    # via virtualenv
distro==1.9.0
    # via openai
exceptiongroup==1.2.2 ; python_full_version < '3.11'
    # via anyio
    # via ipython
    # via pytest
execnet==2.1.1
    # via pytest-xdist
executing==2.1.0
    # via stack-data
faiss-cpu==1.9.0.post1
    # via scrapegraphai
filelock==3.13.1
    # via huggingface-hub
    # via virtualenv
filetype==1.2.0
    # via langchain-google-genai
fire==0.7.0
    # via paddleocr
flake8==7.1.1
    # via flake8-html
flake8-html==0.4.3
    # via genbadge
fonttools==4.55.3
    # via matplotlib
    # via paddleocr
free-proxy==1.1.3
    # via scrapegraphai
frozenlist==1.5.0
    # via aiohttp
    # via aiosignal
fsspec==2024.12.0
    # via huggingface-hub
genbadge==1.1.1
ghp-import==2.1.0
    # via mkdocs
google==3.0.0
    # via scrapegraphai
google-ai-generativelanguage==0.6.10
    # via google-generativeai
google-api-core==1.34.1 ; python_full_version >= '3.11'
    # via google-ai-generativelanguage
    # via google-api-python-client
    # via google-generativeai
google-api-core==2.24.0 ; python_full_version < '3.11'
    # via google-ai-generativelanguage
    # via google-api-python-client
    # via google-generativeai
google-api-python-client==2.157.0
    # via google-generativeai
google-auth==2.37.0
    # via google-ai-generativelanguage
    # via google-api-core
    # via google-api-python-client
    # via google-auth-httplib2
    # via google-generativeai
google-auth-httplib2==0.2.0
    # via google-api-python-client
google-generativeai==0.8.3
    # via langchain-google-genai
googleapis-common-protos==1.66.0
    # via google-api-core
    # via grpcio-status
greenlet==3.1.1
    # via playwright
    # via sqlalchemy
griffe==1.5.1
    # via griffe-typingdoc
    # via mkdocstrings-python
griffe-typingdoc==0.2.7
grpcio==1.69.0rc1
    # via google-api-core
    # via grpcio-status
grpcio-status==1.49.0rc1
    # via google-api-core
h11==0.14.0
    # via httpcore
html2text==2024.2.26
    # via scrapegraphai
httpcore==1.0.7
    # via httpx
httplib2==0.22.0
    # via google-api-python-client
    # via google-auth-httplib2
httpx==0.28.1
    # via langchain-mistralai
    # via langsmith
    # via logfire
    # via openai
    # via paddlepaddle
httpx-sse==0.4.0
    # via langchain-community
    # via langchain-mistralai
huggingface-hub==0.27.0
    # via tokenizers
identify==2.6.1
    # via pre-commit
idna==3.4
    # via anyio
    # via httpx
    # via requests
    # via yarl
imageio==2.36.1
    # via imgaug
    # via scikit-image
imgaug==0.4.0
    # via paddleocr
importlib-metadata==8.5.0 ; python_full_version < '3.10'
    # via jupyter-client
    # via markdown
    # via mkdocs
    # via mkdocs-get-deps
    # via mkdocstrings
    # via pyinstaller
    # via pyinstaller-hooks-contrib
importlib-resources==6.4.5 ; python_full_version < '3.10'
    # via matplotlib
iniconfig==2.0.0
    # via pytest
ipykernel==6.29.5
ipython==8.18.1
    # via ipykernel
    # via ipywidgets
ipywidgets==8.1.5
jedi==0.19.1
    # via ipython
jinja2==3.1.3
    # via flake8-html
    # via mkdocs
    # via mkdocs-material
    # via mkdocstrings
jiter==0.8.2
    # via openai
jmespath==1.0.1
    # via boto3
    # via botocore
joblib==1.4.2
    # via scikit-learn
jsonpatch==1.33
    # via langchain-core
jsonpointer==3.0.0
    # via jsonpatch
jupyter-client==8.6.3
    # via ipykernel
jupyter-core==5.7.2
    # via ipykernel
    # via jupyter-client
jupyterlab-widgets==3.0.13
    # via ipywidgets
kiwisolver==1.4.7
    # via matplotlib
langchain==0.3.13
    # via langchain-community
    # via scrapegraphai
langchain-aws==0.2.10
    # via scrapegraphai
langchain-community==0.3.13
    # via scrapegraphai
langchain-core==0.3.28
    # via langchain
    # via langchain-aws
    # via langchain-community
    # via langchain-google-genai
    # via langchain-mistralai
    # via langchain-openai
    # via langchain-text-splitters
langchain-google-genai==2.0.7
    # via scrapegraphai
langchain-mistralai==0.2.4
    # via scrapegraphai
langchain-openai==0.2.13
    # via scrapegraphai
langchain-text-splitters==0.3.4
    # via langchain
langsmith==0.2.7
    # via langchain
    # via langchain-community
    # via langchain-core
lazy-loader==0.4
    # via scikit-image
lmdb==1.5.1
    # via paddleocr
logfire==0.0.1
lxml==5.3.0
    # via free-proxy
    # via python-docx
macholib==1.16.3 ; sys_platform == 'darwin'
    # via pyinstaller
markdown==3.7
    # via mkdocs
    # via mkdocs-autorefs
    # via mkdocs-material
    # via mkdocstrings
    # via pymdown-extensions
markdown-it-py==3.0.0
    # via rich
markupsafe==3.0.2
    # via jinja2
    # via mkdocs
    # via mkdocs-autorefs
    # via mkdocstrings
marshmallow==3.23.2
    # via dataclasses-json
matplotlib==3.9.4
    # via imgaug
matplotlib-inline==0.1.7
    # via ipykernel
    # via ipython
mccabe==0.7.0
    # via flake8
mdurl==0.1.2
    # via markdown-it-py
mergedeep==1.3.4
    # via mkdocs
    # via mkdocs-get-deps
minify-html==0.15.0
    # via scrapegraphai
mkdocs==1.6.1
    # via mkdocs-autorefs
    # via mkdocs-material
    # via mkdocstrings
mkdocs-autorefs==1.2.0
    # via mkdocstrings
    # via mkdocstrings-python
mkdocs-get-deps==0.2.0
    # via mkdocs
mkdocs-material==9.5.49
mkdocs-material-extensions==1.3.1
    # via mkdocs-material
mkdocstrings==0.26.2
    # via mkdocstrings-python
mkdocstrings-python==1.13.0
mouseinfo==0.1.3
    # via pyautogui
mpire==2.10.2
    # via semchunk
multidict==6.1.0
    # via aiohttp
    # via yarl
multiprocess==0.70.17
    # via mpire
mypy-extensions==1.0.0
    # via typing-inspect
nest-asyncio==1.6.0
    # via ipykernel
networkx==3.2.1
    # via paddlepaddle
    # via scikit-image
nodeenv==1.9.1
    # via pre-commit
numpy==1.26.3
    # via albucore
    # via albumentations
    # via contourpy
    # via faiss-cpu
    # via imageio
    # via imgaug
    # via langchain
    # via langchain-aws
    # via langchain-community
    # via matplotlib
    # via opencv-contrib-python
    # via opencv-python
    # via opencv-python-headless
    # via opt-einsum
    # via paddleocr
    # via paddlepaddle
    # via pandas
    # via scikit-image
    # via scikit-learn
    # via scipy
    # via shapely
    # via tifffile
openai==1.57.2
    # via langchain-openai
opencv-contrib-python==4.10.0.84
    # via paddleocr
opencv-python==4.10.0.84
    # via imgaug
    # via paddleocr
opencv-python-headless==4.10.0.84
    # via albucore
    # via albumentations
opt-einsum==3.3.0
    # via paddlepaddle
orjson==3.10.12
    # via langsmith
packaging==24.1
    # via deprecation
    # via faiss-cpu
    # via huggingface-hub
    # via ipykernel
    # via langchain-core
    # via lazy-loader
    # via marshmallow
    # via matplotlib
    # via mkdocs
    # via pyinstaller
    # via pyinstaller-hooks-contrib
    # via pytest
    # via scikit-image
paddleocr==2.9.1
paddlepaddle==3.0.0b2
paginate==0.5.7
    # via mkdocs-material
pandas==2.2.3
    # via scrapegraphai
parso==0.8.4
    # via jedi
pathspec==0.12.1
    # via mkdocs
pefile==2023.2.7 ; sys_platform == 'win32'
    # via pyinstaller
pexpect==4.9.0 ; sys_platform != 'win32'
    # via ipython
pillow==10.2.0
    # via adbutils
    # via genbadge
    # via imageio
    # via imgaug
    # via matplotlib
    # via paddleocr
    # via paddlepaddle
    # via pyscreeze
    # via scikit-image
platformdirs==4.3.6
    # via jupyter-core
    # via mkdocs-get-deps
    # via mkdocstrings
    # via virtualenv
playwright==1.48.0
    # via scrapegraphai
    # via undetected-playwright
pluggy==1.5.0
    # via pytest
pre-commit==4.0.1
prompt-toolkit==3.0.48
    # via ipython
propcache==0.2.1
    # via aiohttp
    # via yarl
proto-plus==1.25.0
    # via google-ai-generativelanguage
    # via google-api-core
protobuf==3.20.2
    # via google-ai-generativelanguage
    # via google-api-core
    # via google-generativeai
    # via googleapis-common-protos
    # via grpcio-status
    # via paddlepaddle
    # via proto-plus
psutil==6.1.0
    # via ipykernel
psycopg2-binary==2.9.10
ptyprocess==0.7.0 ; sys_platform != 'win32'
    # via pexpect
pure-eval==0.2.3
    # via stack-data
py==1.11.0
    # via retry
pyasn1==0.6.1
    # via pyasn1-modules
    # via rsa
pyasn1-modules==0.4.1
    # via google-auth
pyautogui==0.9.54
pyclipper==1.3.0.post6
    # via paddleocr
pycodestyle==2.12.1
    # via flake8
pycparser==2.22 ; implementation_name == 'pypy'
    # via cffi
pydantic==2.7.4
    # via albumentations
    # via google-generativeai
    # via langchain
    # via langchain-aws
    # via langchain-core
    # via langchain-google-genai
    # via langchain-mistralai
    # via langsmith
    # via openai
    # via pydantic-settings
pydantic-core==2.18.4
    # via pydantic
pydantic-settings==2.6.1
    # via langchain-community
pyee==12.0.0
    # via playwright
pyelftools==0.31
    # via apkutils2
pyflakes==3.2.0
    # via flake8
pygetwindow==0.0.9
    # via pyautogui
pygments==2.18.0
    # via flake8-html
    # via ipython
    # via mkdocs-material
    # via mpire
    # via rich
pyinstaller==6.11.0
pyinstaller-hooks-contrib==2024.9
    # via pyinstaller
pymdown-extensions==10.12
    # via mkdocs-material
    # via mkdocstrings
pymsgbox==1.0.9
    # via pyautogui
pyobjc-core==10.3.1 ; platform_system == 'Darwin'
    # via pyautogui
    # via pyobjc-framework-cocoa
    # via pyobjc-framework-quartz
pyobjc-framework-cocoa==10.3.1 ; platform_system == 'Darwin'
    # via pyobjc-framework-quartz
pyobjc-framework-quartz==10.3.1 ; platform_system == 'Darwin'
    # via pyautogui
pyparsing==3.2.1
    # via httplib2
    # via matplotlib
pyperclip==1.9.0
    # via mouseinfo
pyrect==0.2.0
    # via pygetwindow
pyscreeze==1.0.1
    # via pyautogui
pytest==8.3.4
    # via pytest-asyncio
    # via pytest-cov
    # via pytest-xdist
pytest-asyncio==0.23.8
pytest-cov==6.0.0
pytest-xdist==3.6.1
python-dateutil==2.9.0.post0
    # via botocore
    # via ghp-import
    # via jupyter-client
    # via matplotlib
    # via pandas
python-docx==1.1.2
    # via paddleocr
python-dotenv==1.0.1
    # via pydantic-settings
    # via scrapegraphai
python3-xlib==0.15 ; platform_system == 'Linux'
    # via mouseinfo
    # via pyautogui
pytweening==1.2.0
    # via pyautogui
pytz==2024.2
    # via pandas
pywin32==308 ; (platform_python_implementation != 'PyPy' and sys_platform == 'win32') or platform_system == 'Windows'
    # via jupyter-core
    # via mpire
pywin32-ctypes==0.2.3 ; sys_platform == 'win32'
    # via pyinstaller
pyyaml==6.0.2
    # via albumentations
    # via huggingface-hub
    # via langchain
    # via langchain-community
    # via langchain-core
    # via mkdocs
    # via mkdocs-get-deps
    # via paddleocr
    # via pre-commit
    # via pymdown-extensions
    # via pyyaml-env-tag
pyyaml-env-tag==0.1
    # via mkdocs
pyzmq==26.2.0
    # via ipykernel
    # via jupyter-client
rapidfuzz==3.11.0
    # via paddleocr
regex==2024.9.11
    # via mkdocs-material
    # via tiktoken
requests==2.28.1
    # via adbutils
    # via free-proxy
    # via genbadge
    # via google-api-core
    # via huggingface-hub
    # via langchain
    # via langchain-community
    # via langsmith
    # via mkdocs-material
    # via paddleocr
    # via requests-toolbelt
    # via tiktoken
requests-toolbelt==1.0.0
    # via langsmith
retry==0.9.2
    # via adbutils
rich==13.9.4
rsa==4.9
    # via google-auth
rubicon-objc==0.4.9 ; platform_system == 'Darwin'
    # via mouseinfo
s3transfer==0.10.4
    # via boto3
scikit-image==0.24.0
    # via albumentations
    # via imgaug
    # via paddleocr
scikit-learn==1.6.0
    # via albumentations
scipy==1.13.1
    # via albumentations
    # via imgaug
    # via scikit-image
    # via scikit-learn
scrapegraphai==1.20.1
semchunk==3.0.0
    # via scrapegraphai
setuptools==70.0.0
    # via genbadge
    # via pyinstaller
    # via pyinstaller-hooks-contrib
shapely==2.0.6
    # via imgaug
    # via paddleocr
six==1.16.0
    # via asttokens
    # via imgaug
    # via python-dateutil
sniffio==1.3.1
    # via anyio
    # via openai
soupsieve==2.6
    # via beautifulsoup4
sqlalchemy==2.0.36
    # via langchain
    # via langchain-community
stack-data==0.6.3
    # via ipython
tenacity==9.0.0
    # via langchain
    # via langchain-community
    # via langchain-core
termcolor==2.5.0
    # via fire
threadpoolctl==3.5.0
    # via scikit-learn
tifffile==2024.8.30
    # via scikit-image
tiktoken==0.8.0
    # via langchain-openai
    # via scrapegraphai
tokenizers==0.21.0
    # via langchain-mistralai
tomli==2.0.2
    # via albucore
    # via coverage
    # via pytest
tornado==6.4.1
    # via ipykernel
    # via jupyter-client
tqdm==4.67.1
    # via google-generativeai
    # via huggingface-hub
    # via mpire
    # via openai
    # via paddleocr
    # via scrapegraphai
    # via semchunk
traitlets==5.14.3
    # via comm
    # via ipykernel
    # via ipython
    # via ipywidgets
    # via jupyter-client
    # via jupyter-core
    # via matplotlib-inline
typing-extensions==4.12.2
    # via albucore
    # via albumentations
    # via anyio
    # via google-generativeai
    # via griffe-typingdoc
    # via huggingface-hub
    # via ipython
    # via langchain-core
    # via mkdocstrings
    # via multidict
    # via openai
    # via paddlepaddle
    # via pydantic
    # via pydantic-core
    # via pyee
    # via python-docx
    # via rich
    # via sqlalchemy
    # via typing-inspect
typing-inspect==0.9.0
    # via dataclasses-json
tzdata==2024.2
    # via pandas
undetected-playwright==0.3.0
    # via scrapegraphai
uritemplate==4.1.1
    # via google-api-python-client
urllib3==1.26.13
    # via botocore
    # via requests
virtualenv==20.27.1
    # via pre-commit
watchdog==6.0.0
    # via mkdocs
wcwidth==0.2.13
    # via prompt-toolkit
widgetsnbextension==4.0.13
    # via ipywidgets
xmltodict==0.14.2
    # via apkutils2
yarl==1.18.3
    # via aiohttp
zipp==3.21.0 ; python_full_version < '3.10'
    # via importlib-metadata
    # via importlib-resources
